{
  "name": "stock-price-tracker",
  "version": "1.0.0",
  "lockfileVersion": 3,
  "requires": true,
  "packages": {
    "": {
      "name": "stock-price-tracker",
      "version": "1.0.0",
      "license": "ISC",
      "dependencies": {
        "datatables.net-dt": "^2.3.6",
        "luxon": "^3.7.2"
      }
    },
    "node_modules/datatables.net": {
      "version": "2.3.6",
      "resolved": "https://registry.npmjs.org/datatables.net/-/datatables.net-2.3.6.tgz",
      "integrity": "sha512-xQ/dCxrjfxM0XY70wSIzakkTZ6ghERwlLmAPyCnu8Sk5cyt9YvOVyOsFNOa/BZ/lM63Q3i2YSSvp/o7GXZGsbg==",
      "license": "MIT",
      "dependencies": {
        "jquery": ">=1.7"
      }
    },
    "node_modules/datatables.net-dt": {
      "version": "2.3.6",
      "resolved": "https://registry.npmjs.org/datatables.net-dt/-/datatables.net-dt-2.3.6.tgz",
      "integrity": "sha512-8OEUNCEfkeW+TuVUDlT1q6/XXOitgVzCdNqBivw8bK9DnaNk5F6JjT8lE2pQ4uAfoL/dTy2J+HKxTHeTh8HJlg==",
      "license": "MIT",
      "dependencies": {
        "datatables.net": "2.3.6",
        "jquery": ">=1.7"
      }
    },
    "node_modules/jquery": {
      "version": "3.7.1",
      "resolved": "https://registry.npmjs.org/jquery/-/jquery-3.7.1.tgz",
      "integrity": "sha512-m4avr8yL8kmFN8psrbFFFmB/If14iN5o9nw/NgnnM+kybDJpRsAynV2BsfpTYrTRysYUdADVD7CkUUizgkpLfg==",
      "license": "MIT"
    },
    "node_modules/luxon": {
      "version": "3.7.2",
      "resolved": "https://registry.npmjs.org/luxon/-/luxon-3.7.2.tgz",
      "integrity": "sha512-vtEhXh/gNjI9Yg1u4jX/0YVPMvxzHuGgCm6tC5kZyb08yjGWGnqAjGJvcXbqQR2P3MyMEFnRbpcdFS6PBcLqew==",
      "license": "MIT",
      "engines": {
        "node": ">=12"
      }
    }
  }
}
